
Microsoft Visual Studio Solution File, Format Version 12.00
# Visual Studio Version 17
VisualStudioVersion = 17.0.31903.59
MinimumVisualStudioVersion = 10.0.40219.1
Project("{2150E333-8FDC-42A3-9474-1A3956D46DE8}") = "src", "src", "{5BFF6E27-852E-4866-882B-1AFE38FC74BD}"
EndProject
Project("{FAE04EC0-301F-11D3-BF4B-00C04F79EFBC}") = "MergePool.Core", "src\MergePool.Core\MergePool.Core.csproj", "{04EBFF3B-C768-4930-BB86-3C6C99530F34}"
EndProject
Project("{2150E333-8FDC-42A3-9474-1A3956D46DE8}") = "tests", "tests", "{B7376D25-0912-4033-9C31-422DCB42B835}"
EndProject
Project("{FAE04EC0-301F-11D3-BF4B-00C04F79EFBC}") = "MergePool.Core.Tests", "tests\MergePool.Core.Tests\MergePool.Core.Tests.csproj", "{7D7960FC-F05A-4C1F-9825-96E496FA6D20}"
EndProject
Project("{FAE04EC0-301F-11D3-BF4B-00C04F79EFBC}") = "MergePool.Integration.Tests", "tests\MergePool.Integration.Tests\MergePool.Integration.Tests.csproj", "{9B1B9B83-00E2-45AD-A257-77CE11B83FD2}"
EndProject
Project("{FAE04EC0-301F-11D3-BF4B-00C04F79EFBC}") = "MergePool.Fs.WinFsp", "src\MergePool.Fs.WinFsp\MergePool.Fs.WinFsp.csproj", "{854DD1F5-D520-4F1D-AAC9-BC2DBC9E40A9}"
EndProject
Project("{FAE04EC0-301F-11D3-BF4B-00C04F79EFBC}") = "MergePool.Ipc", "src\MergePool.Ipc\MergePool.Ipc.csproj", "{D9449434-244D-43F0-A5DF-89B4B98433FA}"
EndProject
Project("{FAE04EC0-301F-11D3-BF4B-00C04F79EFBC}") = "MergePool.Engine", "src\MergePool.Engine\MergePool.Engine.csproj", "{7AA40200-AD26-43BC-A238-184F45C59A80}"
EndProject
Project("{FAE04EC0-301F-11D3-BF4B-00C04F79EFBC}") = "MergePool.Service", "src\MergePool.Service\MergePool.Service.csproj", "{1D5F4BCA-E775-486C-A2FB-FE76DCC0F184}"
EndProject
Project("{FAE04EC0-301F-11D3-BF4B-00C04F79EFBC}") = "MergePool.Ipc.Tests", "tests\MergePool.Ipc.Tests\MergePool.Ipc.Tests.csproj", "{001FEA71-AFCB-450A-BB77-03C0AD7D69BC}"
EndProject
Project("{FAE04EC0-301F-11D3-BF4B-00C04F79EFBC}") = "MergePool.Ui", "src\MergePool.Ui\MergePool.Ui.csproj", "{B04B5D80-5DE3-422B-B8EC-DFE737D1E006}"
EndProject
Global
	GlobalSection(SolutionConfigurationPlatforms) = preSolution
		Debug|Any CPU = Debug|Any CPU
		Release|Any CPU = Release|Any CPU
	EndGlobalSection
	GlobalSection(SolutionProperties) = preSolution
		HideSolutionNode = FALSE
	EndGlobalSection
	GlobalSection(ProjectConfigurationPlatforms) = postSolution
		{04EBFF3B-C768-4930-BB86-3C6C99530F34}.Debug|Any CPU.ActiveCfg = Debug|Any CPU
		{04EBFF3B-C768-4930-BB86-3C6C99530F34}.Debug|Any CPU.Build.0 = Debug|Any CPU
		{04EBFF3B-C768-4930-BB86-3C6C99530F34}.Release|Any CPU.ActiveCfg = Release|Any CPU
		{04EBFF3B-C768-4930-BB86-3C6C99530F34}.Release|Any CPU.Build.0 = Release|Any CPU
		{7D7960FC-F05A-4C1F-9825-96E496FA6D20}.Debug|Any CPU.ActiveCfg = Debug|Any CPU
		{7D7960FC-F05A-4C1F-9825-96E496FA6D20}.Debug|Any CPU.Build.0 = Debug|Any CPU
		{7D7960FC-F05A-4C1F-9825-96E496FA6D20}.Release|Any CPU.ActiveCfg = Release|Any CPU
		{7D7960FC-F05A-4C1F-9825-96E496FA6D20}.Release|Any CPU.Build.0 = Release|Any CPU
		{9B1B9B83-00E2-45AD-A257-77CE11B83FD2}.Debug|Any CPU.ActiveCfg = Debug|Any CPU
		{9B1B9B83-00E2-45AD-A257-77CE11B83FD2}.Debug|Any CPU.Build.0 = Debug|Any CPU
		{9B1B9B83-00E2-45AD-A257-77CE11B83FD2}.Release|Any CPU.ActiveCfg = Release|Any CPU
		{9B1B9B83-00E2-45AD-A257-77CE11B83FD2}.Release|Any CPU.Build.0 = Release|Any CPU
		{854DD1F5-D520-4F1D-AAC9-BC2DBC9E40A9}.Debug|Any CPU.ActiveCfg = Debug|Any CPU
		{854DD1F5-D520-4F1D-AAC9-BC2DBC9E40A9}.Debug|Any CPU.Build.0 = Debug|Any CPU
		{854DD1F5-D520-4F1D-AAC9-BC2DBC9E40A9}.Release|Any CPU.ActiveCfg = Release|Any CPU
		{854DD1F5-D520-4F1D-AAC9-BC2DBC9E40A9}.Release|Any CPU.Build.0 = Release|Any CPU
		{D9449434-244D-43F0-A5DF-89B4B98433FA}.Debug|Any CPU.ActiveCfg = Debug|Any CPU
		{D9449434-244D-43F0-A5DF-89B4B98433FA}.Debug|Any CPU.Build.0 = Debug|Any CPU
		{D9449434-244D-43F0-A5DF-89B4B98433FA}.Release|Any CPU.ActiveCfg = Release|Any CPU
		{D9449434-244D-43F0-A5DF-89B4B98433FA}.Release|Any CPU.Build.0 = Release|Any CPU
		{7AA40200-AD26-43BC-A238-184F45C59A80}.Debug|Any CPU.ActiveCfg = Debug|Any CPU
		{7AA40200-AD26-43BC-A238-184F45C59A80}.Debug|Any CPU.Build.0 = Debug|Any CPU
		{7AA40200-AD26-43BC-A238-184F45C59A80}.Release|Any CPU.ActiveCfg = Release|Any CPU
		{7AA40200-AD26-43BC-A238-184F45C59A80}.Release|Any CPU.Build.0 = Release|Any CPU
		{1D5F4BCA-E775-486C-A2FB-FE76DCC0F184}.Debug|Any CPU.ActiveCfg = Debug|Any CPU
		{1D5F4BCA-E775-486C-A2FB-FE76DCC0F184}.Debug|Any CPU.Build.0 = Debug|Any CPU
		{1D5F4BCA-E775-486C-A2FB-FE76DCC0F184}.Release|Any CPU.ActiveCfg = Release|Any CPU
		{1D5F4BCA-E775-486C-A2FB-FE76DCC0F184}.Release|Any CPU.Build.0 = Release|Any CPU
		{001FEA71-AFCB-450A-BB77-03C0AD7D69BC}.Debug|Any CPU.ActiveCfg = Debug|Any CPU
		{001FEA71-AFCB-450A-BB77-03C0AD7D69BC}.Debug|Any CPU.Build.0 = Debug|Any CPU
		{001FEA71-AFCB-450A-BB77-03C0AD7D69BC}.Release|Any CPU.ActiveCfg = Release|Any CPU
		{001FEA71-AFCB-450A-BB77-03C0AD7D69BC}.Release|Any CPU.Build.0 = Release|Any CPU
		{B04B5D80-5DE3-422B-B8EC-DFE737D1E006}.Debug|Any CPU.ActiveCfg = Debug|Any CPU
		{B04B5D80-5DE3-422B-B8EC-DFE737D1E006}.Debug|Any CPU.Build.0 = Debug|Any CPU
		{B04B5D80-5DE3-422B-B8EC-DFE737D1E006}.Release|Any CPU.ActiveCfg = Release|Any CPU
		{B04B5D80-5DE3-422B-B8EC-DFE737D1E006}.Release|Any CPU.Build.0 = Release|Any CPU
	EndGlobalSection
	GlobalSection(NestedProjects) = preSolution
		{04EBFF3B-C768-4930-BB86-3C6C99530F34} = {5BFF6E27-852E-4866-882B-1AFE38FC74BD}
		{7D7960FC-F05A-4C1F-9825-96E496FA6D20} = {B7376D25-0912-4033-9C31-422DCB42B835}
		{9B1B9B83-00E2-45AD-A257-77CE11B83FD2} = {B7376D25-0912-4033-9C31-422DCB42B835}
		{854DD1F5-D520-4F1D-AAC9-BC2DBC9E40A9} = {5BFF6E27-852E-4866-882B-1AFE38FC74BD}
		{D9449434-244D-43F0-A5DF-89B4B98433FA} = {5BFF6E27-852E-4866-882B-1AFE38FC74BD}
		{7AA40200-AD26-43BC-A238-184F45C59A80} = {5BFF6E27-852E-4866-882B-1AFE38FC74BD}
		{1D5F4BCA-E775-486C-A2FB-FE76DCC0F184} = {5BFF6E27-852E-4866-882B-1AFE38FC74BD}
		{001FEA71-AFCB-450A-BB77-03C0AD7D69BC} = {B7376D25-0912-4033-9C31-422DCB42B835}
		{B04B5D80-5DE3-422B-B8EC-DFE737D1E006} = {5BFF6E27-852E-4866-882B-1AFE38FC74BD}
	EndGlobalSection
EndGlobal
